
Microsoft Visual Studio Solution File, Format Version 12.00
# Visual Studio 15
Project("{FAE04EC0-301F-11D3-BF4B-00C04F79EFBC}") = "MethodExercise2Console", "MethodExercise2Console\MethodExercise2Console.csproj", "{30E78D4F-CD0C-404A-9E67-991AE1B71393}"
EndProject
Global
	GlobalSection(SolutionConfigurationPlatforms) = preSolution
		Debug|Any CPU = Debug|Any CPU
		Release|Any CPU = Release|Any CPU
	EndGlobalSection
	GlobalSection(ProjectConfigurationPlatforms) = postSolution
		{30E78D4F-CD0C-404A-9E67-991AE1B71393}.Debug|Any CPU.ActiveCfg = Debug|Any CPU
		{30E78D4F-CD0C-404A-9E67-991AE1B71393}.Debug|Any CPU.Build.0 = Debug|Any CPU
		{30E78D4F-CD0C-404A-9E67-991AE1B71393}.Release|Any CPU.ActiveCfg = Release|Any CPU
		{30E78D4F-CD0C-404A-9E67-991AE1B71393}.Release|Any CPU.Build.0 = Release|Any CPU
	EndGlobalSection
EndGlobal
